{
  "version": 4,
  "terraform_version": "1.5.0",
  "serial": 4,
  "lineage": "abc123-def456-ghi789",
  "outputs": {
    "api_endpoint": {
      "value": "https://api-v2.example.com",
      "type": "string"
    },
    "instance_ip": {
      "value": "10.0.2.100",
      "type": "string"
    },
    "lambda_arn": {
      "value": "arn:aws:lambda:us-east-1:123456789:function:api-handler-function",
      "type": "string"
    }
  },
  "resources": [
    {
      "mode": "managed",
      "type": "aws_instance",
      "name": "web_server",
      "provider": "provider[\"registry.terraform.io/hashicorp/aws\"]",
      "instances": [
        {
          "attributes": {
            "id": "i-0abc123def456",
            "ami": "ami-0fedcba987654321",
            "instance_type": "t2.medium",
            "tags": {
              "Name": "web-server",
              "Environment": "production",
              "Version": "2.0"
            }
          }
        }
      ]
    },
    {
      "mode": "managed",
      "type": "aws_rds_cluster",
      "name": "database",
      "provider": "provider[\"registry.terraform.io/hashicorp/aws\"]",
      "instances": [
        {
          "attributes": {
            "id": "my-db-cluster",
            "cluster_identifier": "my-db-cluster",
            "engine": "aurora-postgresql",
            "engine_version": "15.2",
            "database_name": "myapp"
          }
        }
      ]
    },
    {
      "mode": "managed",
      "type": "aws_lambda_function",
      "name": "api_handler",
      "provider": "provider[\"registry.terraform.io/hashicorp/aws\"]",
      "instances": [
        {
          "attributes": {
            "id": "api-handler-function",
            "function_name": "api-handler-function",
            "runtime": "nodejs18.x",
            "memory_size": 512
          }
        }
      ]
    }
  ]
}
